
Microsoft Visual Studio Solution File, Format Version 12.00
# Visual Studio 15
VisualStudioVersion = 15.0.28010.2026
MinimumVisualStudioVersion = 10.0.40219.1
Project("{FAE04EC0-301F-11D3-BF4B-00C04F79EFBC}") = "Day_1", "Day_1\Day_1.csproj", "{907D6685-3CBF-46F0-A941-1F6BE299C669}"
EndProject
Project("{FAE04EC0-301F-11D3-BF4B-00C04F79EFBC}") = "Day_1.NUnitTests", "Day_1.Tests\Day_1.NUnitTests.csproj", "{7F03DD6B-5F6D-4FE0-8E16-8FF6480819A9}"
EndProject
Project("{FAE04EC0-301F-11D3-BF4B-00C04F79EFBC}") = "Day_1.Tests", "Day_1Tests\Day_1.Tests.csproj", "{FDD34FC4-EB84-4AB0-9C0E-04D4BAC09DC2}"
EndProject
Global
	GlobalSection(SolutionConfigurationPlatforms) = preSolution
		Debug|Any CPU = Debug|Any CPU
		Release|Any CPU = Release|Any CPU
	EndGlobalSection
	GlobalSection(ProjectConfigurationPlatforms) = postSolution
		{907D6685-3CBF-46F0-A941-1F6BE299C669}.Debug|Any CPU.ActiveCfg = Debug|Any CPU
		{907D6685-3CBF-46F0-A941-1F6BE299C669}.Debug|Any CPU.Build.0 = Debug|Any CPU
		{907D6685-3CBF-46F0-A941-1F6BE299C669}.Release|Any CPU.ActiveCfg = Release|Any CPU
		{907D6685-3CBF-46F0-A941-1F6BE299C669}.Release|Any CPU.Build.0 = Release|Any CPU
		{7F03DD6B-5F6D-4FE0-8E16-8FF6480819A9}.Debug|Any CPU.ActiveCfg = Debug|Any CPU
		{7F03DD6B-5F6D-4FE0-8E16-8FF6480819A9}.Debug|Any CPU.Build.0 = Debug|Any CPU
		{7F03DD6B-5F6D-4FE0-8E16-8FF6480819A9}.Release|Any CPU.ActiveCfg = Release|Any CPU
		{7F03DD6B-5F6D-4FE0-8E16-8FF6480819A9}.Release|Any CPU.Build.0 = Release|Any CPU
		{FDD34FC4-EB84-4AB0-9C0E-04D4BAC09DC2}.Debug|Any CPU.ActiveCfg = Debug|Any CPU
		{FDD34FC4-EB84-4AB0-9C0E-04D4BAC09DC2}.Debug|Any CPU.Build.0 = Debug|Any CPU
		{FDD34FC4-EB84-4AB0-9C0E-04D4BAC09DC2}.Release|Any CPU.ActiveCfg = Release|Any CPU
		{FDD34FC4-EB84-4AB0-9C0E-04D4BAC09DC2}.Release|Any CPU.Build.0 = Release|Any CPU
	EndGlobalSection
	GlobalSection(SolutionProperties) = preSolution
		HideSolutionNode = FALSE
	EndGlobalSection
	GlobalSection(ExtensibilityGlobals) = postSolution
		SolutionGuid = {22C04C5B-99AF-4E9B-9319-EA84AB932BE9}
	EndGlobalSection
EndGlobal
